
Microsoft Visual Studio Solution File, Format Version 12.00
# Visual Studio Version 17
VisualStudioVersion = 17.4.33122.133
MinimumVisualStudioVersion = 10.0.40219.1
Project("{FAE04EC0-301F-11D3-BF4B-00C04F79EFBC}") = "TableStorageApi", "TableStorageApi\TableStorageApi.csproj", "{504FF631-9BC2-41CD-B787-8D9671879299}"
EndProject
Global
	GlobalSection(SolutionConfigurationPlatforms) = preSolution
		Debug|Any CPU = Debug|Any CPU
		Release|Any CPU = Release|Any CPU
	EndGlobalSection
	GlobalSection(ProjectConfigurationPlatforms) = postSolution
		{504FF631-9BC2-41CD-B787-8D9671879299}.Debug|Any CPU.ActiveCfg = Debug|Any CPU
		{504FF631-9BC2-41CD-B787-8D9671879299}.Debug|Any CPU.Build.0 = Debug|Any CPU
		{504FF631-9BC2-41CD-B787-8D9671879299}.Release|Any CPU.ActiveCfg = Release|Any CPU
		{504FF631-9BC2-41CD-B787-8D9671879299}.Release|Any CPU.Build.0 = Release|Any CPU
	EndGlobalSection
	GlobalSection(SolutionProperties) = preSolution
		HideSolutionNode = FALSE
	EndGlobalSection
	GlobalSection(ExtensibilityGlobals) = postSolution
		SolutionGuid = {0A1124F9-F01B-4585-93CC-599B0590FC21}
	EndGlobalSection
EndGlobal
